github.com/davecgh/go-spew v1.1.0/go.mod h1:J7Y8YcW2NihsgmVo/mv3lAwl/skON4iLHjSsI+c5H38=
github.com/google/uuid v1.1.2 h1:EVhdT+1Kseyi1/pUmXKaFxYsDNy9RQYkMWRH68J/W7Y=
github.com/google/uuid v1.1.2/go.mod h1:TIyPZe4MgqvfeYDBFedMoGGpEw/LqOeaOT+nhxU+yHo=
github.com/neucn/neugo v0.2.0 h1:aOzLQWJ9FZmTpciKedaHIuA3w05IjJ3yPpemWTFKYCM=
github.com/neucn/neugo v0.2.0/go.mod h1:sKga4X9FF5N5ApwXxv+7RyqXZPDiBztj27PJX5r4wa8=
github.com/neucn/neugo v0.2.1 h1:nIh+LYEyqyOeiFZnvbNMbfFB0+h4wCUlfqQAgSu9Uoc=
github.com/neucn/neugo v0.2.1/go.mod h1:sKga4X9FF5N5ApwXxv+7RyqXZPDiBztj27PJX5r4wa8=
github.com/neucn/neugo v0.3.0 h1:JwNAYgXA3GxJ01iGggps+yqJPqyAOp91PjnO/fQLRMg=
github.com/neucn/neugo v0.3.0/go.mod h1:sKga4X9FF5N5ApwXxv+7RyqXZPDiBztj27PJX5r4wa8=
github.com/pmezard/go-difflib v1.0.0/go.mod h1:iKH77koFhYxTK1pcRnkKkqfTogsbg7gZNVY4sRDYZ/4=
github.com/stretchr/objx v0.1.0/go.mod h1:HFkY916IF+rwdDfMAkV7OtwuqBVzrE8GR6GFx+wExME=
github.com/stretchr/testify v1.6.1/go.mod h1:6Fq8oRcR53rry900zMqJjRRixrwX3KX962/h/Wwjteg=
gopkg.in/check.v1 v0.0.0-20161208181325-20d25e280405/go.mod h1:Co6ibVJAznAaIkqp8huTwlJQCZ016jof/cbN4VW5Yz0=
gopkg.in/yaml.v3 v3.0.0-20200313102051-9f266ea9e77c/go.mod h1:K4uyk7z7BCEPqu6E+C64Yfv1cQ7kz7rIZviUmN+EgEM=
